
Microsoft Visual Studio Solution File, Format Version 12.00
# Visual Studio Version 17
VisualStudioVersion = 17.8.34330.188
MinimumVisualStudioVersion = 10.0.40219.1
Project("{FAE04EC0-301F-11D3-BF4B-00C04F79EFBC}") = "eposta-gönderme", "eposta-gönderme\eposta-gönderme.csproj", "{AD2E4320-4321-4EC6-9919-CDB2A917A51C}"
EndProject
Global
	GlobalSection(SolutionConfigurationPlatforms) = preSolution
		Debug|Any CPU = Debug|Any CPU
		Release|Any CPU = Release|Any CPU
	EndGlobalSection
	GlobalSection(ProjectConfigurationPlatforms) = postSolution
		{AD2E4320-4321-4EC6-9919-CDB2A917A51C}.Debug|Any CPU.ActiveCfg = Debug|Any CPU
		{AD2E4320-4321-4EC6-9919-CDB2A917A51C}.Debug|Any CPU.Build.0 = Debug|Any CPU
		{AD2E4320-4321-4EC6-9919-CDB2A917A51C}.Release|Any CPU.ActiveCfg = Release|Any CPU
		{AD2E4320-4321-4EC6-9919-CDB2A917A51C}.Release|Any CPU.Build.0 = Release|Any CPU
	EndGlobalSection
	GlobalSection(SolutionProperties) = preSolution
		HideSolutionNode = FALSE
	EndGlobalSection
	GlobalSection(ExtensibilityGlobals) = postSolution
		SolutionGuid = {49680F47-4D85-4EEB-937A-91D491281727}
	EndGlobalSection
EndGlobal
